// !$*UTF8*$!
{
	archiveVersion = 1;
	classes = {
	};
	objectVersion = 50;
	objects = {

/* Begin PBXBuildFile section */
		11F84F2F24B6F5C300EAFD0D /* AppDelegate.swift in Sources */ = {isa = PBXBuildFile; fileRef = 11F84F2E24B6F5C300EAFD0D /* AppDelegate.swift */; };
		11F84F3124B6F5C300EAFD0D /* SceneDelegate.swift in Sources */ = {isa = PBXBuildFile; fileRef = 11F84F3024B6F5C300EAFD0D /* SceneDelegate.swift */; };
		11F84F3324B6F5C300EAFD0D /* ViewController.swift in Sources */ = {isa = PBXBuildFile; fileRef = 11F84F3224B6F5C300EAFD0D /* ViewController.swift */; };
		11F84F3624B6F5C300EAFD0D /* Main.storyboard in Resources */ = {isa = PBXBuildFile; fileRef = 11F84F3424B6F5C300EAFD0D /* Main.storyboard */; };
		11F84F3824B6F5C700EAFD0D /* Assets.xcassets in Resources */ = {isa = PBXBuildFile; fileRef = 11F84F3724B6F5C700EAFD0D /* Assets.xcassets */; };
		11F84F3B24B6F5C700EAFD0D /* LaunchScreen.storyboard in Resources */ = {isa = PBXBuildFile; fileRef = 11F84F3924B6F5C700EAFD0D /* LaunchScreen.storyboard */; };
		11F84F4324BCD21500EAFD0D /* LoginViewModel.swift in Sources */ = {isa = PBXBuildFile; fileRef = 11F84F4224BCD21500EAFD0D /* LoginViewModel.swift */; };
		11F84F4524BCE69F00EAFD0D /* RegistrationViewModel.swift in Sources */ = {isa = PBXBuildFile; fileRef = 11F84F4424BCE69F00EAFD0D /* RegistrationViewModel.swift */; };
		11F84F4724BE23DF00EAFD0D /* GoogleService-Info.plist in Resources */ = {isa = PBXBuildFile; fileRef = 11F84F4624BE23DF00EAFD0D /* GoogleService-Info.plist */; };
		4022A7349AB4AEC4EE3726CB /* Pods_chatApp.framework in Frameworks */ = {isa = PBXBuildFile; fileRef = A21203853F04E7CF157F1A22 /* Pods_chatApp.framework */; };
		FB7741299B2FD3496356DB05 /* InputContainerView.swift in Sources */ = {isa = PBXBuildFile; fileRef = FB7743A8E4492938C17F2143 /* InputContainerView.swift */; };
		FB774453052CAB125EF06D2E /* ContainerTextField.swift in Sources */ = {isa = PBXBuildFile; fileRef = FB774C083730DE46B720192B /* ContainerTextField.swift */; };
		FB774866162D7166F5599B89 /* Extentions.swift in Sources */ = {isa = PBXBuildFile; fileRef = FB774827242D694C35D58969 /* Extentions.swift */; };
		FB774C2E718BA4F881A71FC3 /* LoginController.swift in Sources */ = {isa = PBXBuildFile; fileRef = FB774BF92DFA12E4FE0D7C94 /* LoginController.swift */; };
		FB774C968A1AE0CBE00719B0 /* RegistrationController.swift in Sources */ = {isa = PBXBuildFile; fileRef = FB7740A771851BEC023DA2E3 /* RegistrationController.swift */; };
		FB774CCC0D19C6EC388B177C /* ConversationsController.swift in Sources */ = {isa = PBXBuildFile; fileRef = FB774553C0B88F87E4D376D8 /* ConversationsController.swift */; };
/* End PBXBuildFile section */

/* Begin PBXFileReference section */
		11F84F2B24B6F5C300EAFD0D /* chatApp.app */ = {isa = PBXFileReference; explicitFileType = wrapper.application; includeInIndex = 0; path = chatApp.app; sourceTree = BUILT_PRODUCTS_DIR; };
		11F84F2E24B6F5C300EAFD0D /* AppDelegate.swift */ = {isa = PBXFileReference; lastKnownFileType = sourcecode.swift; path = AppDelegate.swift; sourceTree = "<group>"; };
		11F84F3024B6F5C300EAFD0D /* SceneDelegate.swift */ = {isa = PBXFileReference; lastKnownFileType = sourcecode.swift; path = SceneDelegate.swift; sourceTree = "<group>"; };
		11F84F3224B6F5C300EAFD0D /* ViewController.swift */ = {isa = PBXFileReference; lastKnownFileType = sourcecode.swift; path = ViewController.swift; sourceTree = "<group>"; };
		11F84F3524B6F5C300EAFD0D /* Base */ = {isa = PBXFileReference; lastKnownFileType = file.storyboard; name = Base; path = Base.lproj/Main.storyboard; sourceTree = "<group>"; };
		11F84F3724B6F5C700EAFD0D /* Assets.xcassets */ = {isa = PBXFileReference; lastKnownFileType = folder.assetcatalog; path = Assets.xcassets; sourceTree = "<group>"; };
		11F84F3A24B6F5C700EAFD0D /* Base */ = {isa = PBXFileReference; lastKnownFileType = file.storyboard; name = Base; path = Base.lproj/LaunchScreen.storyboard; sourceTree = "<group>"; };
		11F84F3C24B6F5C700EAFD0D /* Info.plist */ = {isa = PBXFileReference; lastKnownFileType = text.plist.xml; path = Info.plist; sourceTree = "<group>"; };
		11F84F4224BCD21500EAFD0D /* LoginViewModel.swift */ = {isa = PBXFileReference; lastKnownFileType = sourcecode.swift; path = LoginViewModel.swift; sourceTree = "<group>"; };
		11F84F4424BCE69F00EAFD0D /* RegistrationViewModel.swift */ = {isa = PBXFileReference; lastKnownFileType = sourcecode.swift; path = RegistrationViewModel.swift; sourceTree = "<group>"; };
		11F84F4624BE23DF00EAFD0D /* GoogleService-Info.plist */ = {isa = PBXFileReference; fileEncoding = 4; lastKnownFileType = text.plist.xml; name = "GoogleService-Info.plist"; path = "../../Downloads/GoogleService-Info.plist"; sourceTree = "<group>"; };
		A21203853F04E7CF157F1A22 /* Pods_chatApp.framework */ = {isa = PBXFileReference; explicitFileType = wrapper.framework; includeInIndex = 0; path = Pods_chatApp.framework; sourceTree = BUILT_PRODUCTS_DIR; };
		B5B7028D418467560057B73D /* Pods-chatApp.release.xcconfig */ = {isa = PBXFileReference; includeInIndex = 1; lastKnownFileType = text.xcconfig; name = "Pods-chatApp.release.xcconfig"; path = "Target Support Files/Pods-chatApp/Pods-chatApp.release.xcconfig"; sourceTree = "<group>"; };
		BBF93F004D5EA61EE1FAB402 /* Pods-chatApp.debug.xcconfig */ = {isa = PBXFileReference; includeInIndex = 1; lastKnownFileType = text.xcconfig; name = "Pods-chatApp.debug.xcconfig"; path = "Target Support Files/Pods-chatApp/Pods-chatApp.debug.xcconfig"; sourceTree = "<group>"; };
		FB7740A771851BEC023DA2E3 /* RegistrationController.swift */ = {isa = PBXFileReference; fileEncoding = 4; lastKnownFileType = sourcecode.swift; path = RegistrationController.swift; sourceTree = "<group>"; };
		FB7743A8E4492938C17F2143 /* InputContainerView.swift */ = {isa = PBXFileReference; fileEncoding = 4; lastKnownFileType = sourcecode.swift; path = InputContainerView.swift; sourceTree = "<group>"; };
		FB774553C0B88F87E4D376D8 /* ConversationsController.swift */ = {isa = PBXFileReference; fileEncoding = 4; lastKnownFileType = sourcecode.swift; path = ConversationsController.swift; sourceTree = "<group>"; };
		FB774827242D694C35D58969 /* Extentions.swift */ = {isa = PBXFileReference; fileEncoding = 4; lastKnownFileType = sourcecode.swift; path = Extentions.swift; sourceTree = "<group>"; };
		FB774BF92DFA12E4FE0D7C94 /* LoginController.swift */ = {isa = PBXFileReference; fileEncoding = 4; lastKnownFileType = sourcecode.swift; path = LoginController.swift; sourceTree = "<group>"; };
		FB774C083730DE46B720192B /* ContainerTextField.swift */ = {isa = PBXFileReference; fileEncoding = 4; lastKnownFileType = sourcecode.swift; path = ContainerTextField.swift; sourceTree = "<group>"; };
/* End PBXFileReference section */

/* Begin PBXFrameworksBuildPhase section */
		11F84F2824B6F5C300EAFD0D /* Frameworks */ = {
			isa = PBXFrameworksBuildPhase;
			buildActionMask = 2147483647;
			files = (
				4022A7349AB4AEC4EE3726CB /* Pods_chatApp.framework in Frameworks */,
			);
			runOnlyForDeploymentPostprocessing = 0;
		};
/* End PBXFrameworksBuildPhase section */

/* Begin PBXGroup section */
		11F84F2224B6F5C300EAFD0D = {
			isa = PBXGroup;
			children = (
				11F84F2D24B6F5C300EAFD0D /* chatApp */,
				11F84F2C24B6F5C300EAFD0D /* Products */,
				DABD4AE59E75CC97A7A36F1A /* Pods */,
				3F1BD6BBCEFC73BEA1039ADD /* Frameworks */,
			);
			sourceTree = "<group>";
		};
		11F84F2C24B6F5C300EAFD0D /* Products */ = {
			isa = PBXGroup;
			children = (
				11F84F2B24B6F5C300EAFD0D /* chatApp.app */,
			);
			name = Products;
			sourceTree = "<group>";
		};
		11F84F2D24B6F5C300EAFD0D /* chatApp */ = {
			isa = PBXGroup;
			children = (
				11F84F2E24B6F5C300EAFD0D /* AppDelegate.swift */,
				11F84F3024B6F5C300EAFD0D /* SceneDelegate.swift */,
				11F84F3224B6F5C300EAFD0D /* ViewController.swift */,
				11F84F3424B6F5C300EAFD0D /* Main.storyboard */,
				11F84F3724B6F5C700EAFD0D /* Assets.xcassets */,
				11F84F3924B6F5C700EAFD0D /* LaunchScreen.storyboard */,
				11F84F3C24B6F5C700EAFD0D /* Info.plist */,
				11F84F4624BE23DF00EAFD0D /* GoogleService-Info.plist */,
				FB77433DBD4446A506D9100C /* Model */,
				FB774DC8DAEC24A0CABFA1E6 /* View */,
				FB7742579EB7641BB7E9C2F9 /* View Model */,
				FB774005AFF9146AF812EB6D /* Controller */,
				FB774535FC5F32DF92AB3D6A /* API */,
				FB77492373B8F07005A44F81 /* Utiles */,
			);
			path = chatApp;
			sourceTree = "<group>";
		};
		3F1BD6BBCEFC73BEA1039ADD /* Frameworks */ = {
			isa = PBXGroup;
			children = (
				A21203853F04E7CF157F1A22 /* Pods_chatApp.framework */,
			);
			name = Frameworks;
			sourceTree = "<group>";
		};
		DABD4AE59E75CC97A7A36F1A /* Pods */ = {
			isa = PBXGroup;
			children = (
				BBF93F004D5EA61EE1FAB402 /* Pods-chatApp.debug.xcconfig */,
				B5B7028D418467560057B73D /* Pods-chatApp.release.xcconfig */,
			);
			name = Pods;
			path = Pods;
			sourceTree = "<group>";
		};
		FB774005AFF9146AF812EB6D /* Controller */ = {
			isa = PBXGroup;
			children = (
				FB774553C0B88F87E4D376D8 /* ConversationsController.swift */,
				FB774E6738BCF49F1F5EC9A9 /* Authentication */,
			);
			path = Controller;
			sourceTree = "<group>";
		};
		FB7742579EB7641BB7E9C2F9 /* View Model */ = {
			isa = PBXGroup;
			children = (
				11F84F4224BCD21500EAFD0D /* LoginViewModel.swift */,
				11F84F4424BCE69F00EAFD0D /* RegistrationViewModel.swift */,
			);
			path = "View Model";
			sourceTree = "<group>";
		};
		FB77433DBD4446A506D9100C /* Model */ = {
			isa = PBXGroup;
			children = (
			);
			path = Model;
			sourceTree = "<group>";
		};
		FB774535FC5F32DF92AB3D6A /* API */ = {
			isa = PBXGroup;
			children = (
			);
			path = API;
			sourceTree = "<group>";
		};
		FB77492373B8F07005A44F81 /* Utiles */ = {
			isa = PBXGroup;
			children = (
				FB774827242D694C35D58969 /* Extentions.swift */,
			);
			path = Utiles;
			sourceTree = "<group>";
		};
		FB774DC8DAEC24A0CABFA1E6 /* View */ = {
			isa = PBXGroup;
			children = (
				FB7743A8E4492938C17F2143 /* InputContainerView.swift */,
				FB774C083730DE46B720192B /* ContainerTextField.swift */,
			);
			path = View;
			sourceTree = "<group>";
		};
		FB774E6738BCF49F1F5EC9A9 /* Authentication */ = {
			isa = PBXGroup;
			children = (
				FB774BF92DFA12E4FE0D7C94 /* LoginController.swift */,
				FB7740A771851BEC023DA2E3 /* RegistrationController.swift */,
			);
			path = Authentication;
			sourceTree = "<group>";
		};
/* End PBXGroup section */

/* Begin PBXNativeTarget section */
		11F84F2A24B6F5C300EAFD0D /* chatApp */ = {
			isa = PBXNativeTarget;
			buildConfigurationList = 11F84F3F24B6F5C700EAFD0D /* Build configuration list for PBXNativeTarget "chatApp" */;
			buildPhases = (
				036F5956D4E85BCF4D6613F6 /* [CP] Check Pods Manifest.lock */,
				11F84F2724B6F5C300EAFD0D /* Sources */,
				11F84F2824B6F5C300EAFD0D /* Frameworks */,
				11F84F2924B6F5C300EAFD0D /* Resources */,
				7C75A84FCD0ED5E6F2A89603 /* [CP] Embed Pods Frameworks */,
			);
			buildRules = (
			);
			dependencies = (
			);
			name = chatApp;
			productName = chatApp;
			productReference = 11F84F2B24B6F5C300EAFD0D /* chatApp.app */;
			productType = "com.apple.product-type.application";
		};
/* End PBXNativeTarget section */

/* Begin PBXProject section */
		11F84F2324B6F5C300EAFD0D /* Project object */ = {
			isa = PBXProject;
			attributes = {
				LastSwiftUpdateCheck = 1150;
				LastUpgradeCheck = 1150;
				ORGANIZATIONNAME = "Yoshiki Tachi";
				TargetAttributes = {
					11F84F2A24B6F5C300EAFD0D = {
						CreatedOnToolsVersion = 11.5;
					};
				};
			};
			buildConfigurationList = 11F84F2624B6F5C300EAFD0D /* Build configuration list for PBXProject "chatApp" */;
			compatibilityVersion = "Xcode 9.3";
			developmentRegion = en;
			hasScannedForEncodings = 0;
			knownRegions = (
				en,
				Base,
			);
			mainGroup = 11F84F2224B6F5C300EAFD0D;
			productRefGroup = 11F84F2C24B6F5C300EAFD0D /* Products */;
			projectDirPath = "";
			projectRoot = "";
			targets = (
				11F84F2A24B6F5C300EAFD0D /* chatApp */,
			);
		};
/* End PBXProject section */

/* Begin PBXResourcesBuildPhase section */
		11F84F2924B6F5C300EAFD0D /* Resources */ = {
			isa = PBXResourcesBuildPhase;
			buildActionMask = 2147483647;
			files = (
				11F84F3B24B6F5C700EAFD0D /* LaunchScreen.storyboard in Resources */,
				11F84F4724BE23DF00EAFD0D /* GoogleService-Info.plist in Resources */,
				11F84F3824B6F5C700EAFD0D /* Assets.xcassets in Resources */,
				11F84F3624B6F5C300EAFD0D /* Main.storyboard in Resources */,
			);
			runOnlyForDeploymentPostprocessing = 0;
		};
/* End PBXResourcesBuildPhase section */

/* Begin PBXShellScriptBuildPhase section */
		036F5956D4E85BCF4D6613F6 /* [CP] Check Pods Manifest.lock */ = {
			isa = PBXShellScriptBuildPhase;
			buildActionMask = 2147483647;
			files = (
			);
			inputFileListPaths = (
			);
			inputPaths = (
				"${PODS_PODFILE_DIR_PATH}/Podfile.lock",
				"${PODS_ROOT}/Manifest.lock",
			);
			name = "[CP] Check Pods Manifest.lock";
			outputFileListPaths = (
			);
			outputPaths = (
				"$(DERIVED_FILE_DIR)/Pods-chatApp-checkManifestLockResult.txt",
			);
			runOnlyForDeploymentPostprocessing = 0;
			shellPath = /bin/sh;
			shellScript = "diff \"${PODS_PODFILE_DIR_PATH}/Podfile.lock\" \"${PODS_ROOT}/Manifest.lock\" > /dev/null\nif [ $? != 0 ] ; then\n    # print error to STDERR\n    echo \"error: The sandbox is not in sync with the Podfile.lock. Run 'pod install' or update your CocoaPods installation.\" >&2\n    exit 1\nfi\n# This output is used by Xcode 'outputs' to avoid re-running this script phase.\necho \"SUCCESS\" > \"${SCRIPT_OUTPUT_FILE_0}\"\n";
			showEnvVarsInLog = 0;
		};
		7C75A84FCD0ED5E6F2A89603 /* [CP] Embed Pods Frameworks */ = {
			isa = PBXShellScriptBuildPhase;
			buildActionMask = 2147483647;
			files = (
			);
			inputFileListPaths = (
				"${PODS_ROOT}/Target Support Files/Pods-chatApp/Pods-chatApp-frameworks-${CONFIGURATION}-input-files.xcfilelist",
			);
			name = "[CP] Embed Pods Frameworks";
			outputFileListPaths = (
				"${PODS_ROOT}/Target Support Files/Pods-chatApp/Pods-chatApp-frameworks-${CONFIGURATION}-output-files.xcfilelist",
			);
			runOnlyForDeploymentPostprocessing = 0;
			shellPath = /bin/sh;
			shellScript = "\"${PODS_ROOT}/Target Support Files/Pods-chatApp/Pods-chatApp-frameworks.sh\"\n";
			showEnvVarsInLog = 0;
		};
/* End PBXShellScriptBuildPhase section */

/* Begin PBXSourcesBuildPhase section */
		11F84F2724B6F5C300EAFD0D /* Sources */ = {
			isa = PBXSourcesBuildPhase;
			buildActionMask = 2147483647;
			files = (
				11F84F3324B6F5C300EAFD0D /* ViewController.swift in Sources */,
				11F84F4524BCE69F00EAFD0D /* RegistrationViewModel.swift in Sources */,
				11F84F2F24B6F5C300EAFD0D /* AppDelegate.swift in Sources */,
				11F84F3124B6F5C300EAFD0D /* SceneDelegate.swift in Sources */,
				FB774CCC0D19C6EC388B177C /* ConversationsController.swift in Sources */,
				FB774C2E718BA4F881A71FC3 /* LoginController.swift in Sources */,
				FB774C968A1AE0CBE00719B0 /* RegistrationController.swift in Sources */,
				FB774866162D7166F5599B89 /* Extentions.swift in Sources */,
				FB7741299B2FD3496356DB05 /* InputContainerView.swift in Sources */,
				11F84F4324BCD21500EAFD0D /* LoginViewModel.swift in Sources */,
				FB774453052CAB125EF06D2E /* ContainerTextField.swift in Sources */,
			);
			runOnlyForDeploymentPostprocessing = 0;
		};
/* End PBXSourcesBuildPhase section */

/* Begin PBXVariantGroup section */
		11F84F3424B6F5C300EAFD0D /* Main.storyboard */ = {
			isa = PBXVariantGroup;
			children = (
				11F84F3524B6F5C300EAFD0D /* Base */,
			);
			name = Main.storyboard;
			sourceTree = "<group>";
		};
		11F84F3924B6F5C700EAFD0D /* LaunchScreen.storyboard */ = {
			isa = PBXVariantGroup;
			children = (
				11F84F3A24B6F5C700EAFD0D /* Base */,
			);
			name = LaunchScreen.storyboard;
			sourceTree = "<group>";
		};
/* End PBXVariantGroup section */

/* Begin XCBuildConfiguration section */
		11F84F3D24B6F5C700EAFD0D /* Debug */ = {
			isa = XCBuildConfiguration;
			buildSettings = {
				ALWAYS_SEARCH_USER_PATHS = NO;
				CLANG_ANALYZER_NONNULL = YES;
				CLANG_ANALYZER_NUMBER_OBJECT_CONVERSION = YES_AGGRESSIVE;
				CLANG_CXX_LANGUAGE_STANDARD = "gnu++14";
				CLANG_CXX_LIBRARY = "libc++";
				CLANG_ENABLE_MODULES = YES;
				CLANG_ENABLE_OBJC_ARC = YES;
				CLANG_ENABLE_OBJC_WEAK = YES;
				CLANG_WARN_BLOCK_CAPTURE_AUTORELEASING = YES;
				CLANG_WARN_BOOL_CONVERSION = YES;
				CLANG_WARN_COMMA = YES;
				CLANG_WARN_CONSTANT_CONVERSION = YES;
				CLANG_WARN_DEPRECATED_OBJC_IMPLEMENTATIONS = YES;
				CLANG_WARN_DIRECT_OBJC_ISA_USAGE = YES_ERROR;
				CLANG_WARN_DOCUMENTATION_COMMENTS = YES;
				CLANG_WARN_EMPTY_BODY = YES;
				CLANG_WARN_ENUM_CONVERSION = YES;
				CLANG_WARN_INFINITE_RECURSION = YES;
				CLANG_WARN_INT_CONVERSION = YES;
				CLANG_WARN_NON_LITERAL_NULL_CONVERSION = YES;
				CLANG_WARN_OBJC_IMPLICIT_RETAIN_SELF = YES;
				CLANG_WARN_OBJC_LITERAL_CONVERSION = YES;
				CLANG_WARN_OBJC_ROOT_CLASS = YES_ERROR;
				CLANG_WARN_RANGE_LOOP_ANALYSIS = YES;
				CLANG_WARN_STRICT_PROTOTYPES = YES;
				CLANG_WARN_SUSPICIOUS_MOVE = YES;
				CLANG_WARN_UNGUARDED_AVAILABILITY = YES_AGGRESSIVE;
				CLANG_WARN_UNREACHABLE_CODE = YES;
				CLANG_WARN__DUPLICATE_METHOD_MATCH = YES;
				COPY_PHASE_STRIP = NO;
				DEBUG_INFORMATION_FORMAT = dwarf;
				ENABLE_STRICT_OBJC_MSGSEND = YES;
				ENABLE_TESTABILITY = YES;
				GCC_C_LANGUAGE_STANDARD = gnu11;
				GCC_DYNAMIC_NO_PIC = NO;
				GCC_NO_COMMON_BLOCKS = YES;
				GCC_OPTIMIZATION_LEVEL = 0;
				GCC_PREPROCESSOR_DEFINITIONS = (
					"DEBUG=1",
					"$(inherited)",
				);
				GCC_WARN_64_TO_32_BIT_CONVERSION = YES;
				GCC_WARN_ABOUT_RETURN_TYPE = YES_ERROR;
				GCC_WARN_UNDECLARED_SELECTOR = YES;
				GCC_WARN_UNINITIALIZED_AUTOS = YES_AGGRESSIVE;
				GCC_WARN_UNUSED_FUNCTION = YES;
				GCC_WARN_UNUSED_VARIABLE = YES;
				IPHONEOS_DEPLOYMENT_TARGET = 13.5;
				MTL_ENABLE_DEBUG_INFO = INCLUDE_SOURCE;
				MTL_FAST_MATH = YES;
				ONLY_ACTIVE_ARCH = YES;
				SDKROOT = iphoneos;
				SWIFT_ACTIVE_COMPILATION_CONDITIONS = DEBUG;
				SWIFT_OPTIMIZATION_LEVEL = "-Onone";
			};
			name = Debug;
		};
		11F84F3E24B6F5C700EAFD0D /* Release */ = {
			isa = XCBuildConfiguration;
			buildSettings = {
				ALWAYS_SEARCH_USER_PATHS = NO;
				CLANG_ANALYZER_NONNULL = YES;
				CLANG_ANALYZER_NUMBER_OBJECT_CONVERSION = YES_AGGRESSIVE;
				CLANG_CXX_LANGUAGE_STANDARD = "gnu++14";
				CLANG_CXX_LIBRARY = "libc++";
				CLANG_ENABLE_MODULES = YES;
				CLANG_ENABLE_OBJC_ARC = YES;
				CLANG_ENABLE_OBJC_WEAK = YES;
				CLANG_WARN_BLOCK_CAPTURE_AUTORELEASING = YES;
				CLANG_WARN_BOOL_CONVERSION = YES;
				CLANG_WARN_COMMA = YES;
				CLANG_WARN_CONSTANT_CONVERSION = YES;
				CLANG_WARN_DEPRECATED_OBJC_IMPLEMENTATIONS = YES;
				CLANG_WARN_DIRECT_OBJC_ISA_USAGE = YES_ERROR;
				CLANG_WARN_DOCUMENTATION_COMMENTS = YES;
				CLANG_WARN_EMPTY_BODY = YES;
				CLANG_WARN_ENUM_CONVERSION = YES;
				CLANG_WARN_INFINITE_RECURSION = YES;
				CLANG_WARN_INT_CONVERSION = YES;
				CLANG_WARN_NON_LITERAL_NULL_CONVERSION = YES;
				CLANG_WARN_OBJC_IMPLICIT_RETAIN_SELF = YES;
				CLANG_WARN_OBJC_LITERAL_CONVERSION = YES;
				CLANG_WARN_OBJC_ROOT_CLASS = YES_ERROR;
				CLANG_WARN_RANGE_LOOP_ANALYSIS = YES;
				CLANG_WARN_STRICT_PROTOTYPES = YES;
				CLANG_WARN_SUSPICIOUS_MOVE = YES;
				CLANG_WARN_UNGUARDED_AVAILABILITY = YES_AGGRESSIVE;
				CLANG_WARN_UNREACHABLE_CODE = YES;
				CLANG_WARN__DUPLICATE_METHOD_MATCH = YES;
				COPY_PHASE_STRIP = NO;
				DEBUG_INFORMATION_FORMAT = "dwarf-with-dsym";
				ENABLE_NS_ASSERTIONS = NO;
				ENABLE_STRICT_OBJC_MSGSEND = YES;
				GCC_C_LANGUAGE_STANDARD = gnu11;
				GCC_NO_COMMON_BLOCKS = YES;
				GCC_WARN_64_TO_32_BIT_CONVERSION = YES;
				GCC_WARN_ABOUT_RETURN_TYPE = YES_ERROR;
				GCC_WARN_UNDECLARED_SELECTOR = YES;
				GCC_WARN_UNINITIALIZED_AUTOS = YES_AGGRESSIVE;
				GCC_WARN_UNUSED_FUNCTION = YES;
				GCC_WARN_UNUSED_VARIABLE = YES;
				IPHONEOS_DEPLOYMENT_TARGET = 13.5;
				MTL_ENABLE_DEBUG_INFO = NO;
				MTL_FAST_MATH = YES;
				SDKROOT = iphoneos;
				SWIFT_COMPILATION_MODE = wholemodule;
				SWIFT_OPTIMIZATION_LEVEL = "-O";
				VALIDATE_PRODUCT = YES;
			};
			name = Release;
		};
		11F84F4024B6F5C700EAFD0D /* Debug */ = {
			isa = XCBuildConfiguration;
			baseConfigurationReference = BBF93F004D5EA61EE1FAB402 /* Pods-chatApp.debug.xcconfig */;
			buildSettings = {
				ASSETCATALOG_COMPILER_APPICON_NAME = AppIcon;
				CODE_SIGN_STYLE = Automatic;
				INFOPLIST_FILE = chatApp/Info.plist;
				LD_RUNPATH_SEARCH_PATHS = (
					"$(inherited)",
					"@executable_path/Frameworks",
				);
				PRODUCT_BUNDLE_IDENTIFIER = tiking.chatApp;
				PRODUCT_NAME = "$(TARGET_NAME)";
				SWIFT_VERSION = 5.0;
				TARGETED_DEVICE_FAMILY = "1,2";
			};
			name = Debug;
		};
		11F84F4124B6F5C700EAFD0D /* Release */ = {
			isa = XCBuildConfiguration;
			baseConfigurationReference = B5B7028D418467560057B73D /* Pods-chatApp.release.xcconfig */;
			buildSettings = {
				ASSETCATALOG_COMPILER_APPICON_NAME = AppIcon;
				CODE_SIGN_STYLE = Automatic;
				INFOPLIST_FILE = chatApp/Info.plist;
				LD_RUNPATH_SEARCH_PATHS = (
					"$(inherited)",
					"@executable_path/Frameworks",
				);
				PRODUCT_BUNDLE_IDENTIFIER = tiking.chatApp;
				PRODUCT_NAME = "$(TARGET_NAME)";
				SWIFT_VERSION = 5.0;
				TARGETED_DEVICE_FAMILY = "1,2";
			};
			name = Release;
		};
/* End XCBuildConfiguration section */

/* Begin XCConfigurationList section */
		11F84F2624B6F5C300EAFD0D /* Build configuration list for PBXProject "chatApp" */ = {
			isa = XCConfigurationList;
			buildConfigurations = (
				11F84F3D24B6F5C700EAFD0D /* Debug */,
				11F84F3E24B6F5C700EAFD0D /* Release */,
			);
			defaultConfigurationIsVisible = 0;
			defaultConfigurationName = Release;
		};
		11F84F3F24B6F5C700EAFD0D /* Build configuration list for PBXNativeTarget "chatApp" */ = {
			isa = XCConfigurationList;
			buildConfigurations = (
				11F84F4024B6F5C700EAFD0D /* Debug */,
				11F84F4124B6F5C700EAFD0D /* Release */,
			);
			defaultConfigurationIsVisible = 0;
			defaultConfigurationName = Release;
		};
/* End XCConfigurationList section */
	};
	rootObject = 11F84F2324B6F5C300EAFD0D /* Project object */;
}
